// !$*UTF8*$!
{
	archiveVersion = 1;
	classes = {
	};
	objectVersion = 46;
	objects = {

/* Begin PBXBuildFile section */
		097D121E1E4DC01100F0B064 /* IAPInfo.plist in Resources */ = {isa = PBXBuildFile; fileRef = 097D121D1E4DC01100F0B064 /* IAPInfo.plist */; };
		097D12271E4DCE7600F0B064 /* AppPurchase.m in Sources */ = {isa = PBXBuildFile; fileRef = 097D12261E4DCE7600F0B064 /* AppPurchase.m */; };
		097D122A1E4DEE3C00F0B064 /* ContentViewController.m in Sources */ = {isa = PBXBuildFile; fileRef = 097D12291E4DEE3C00F0B064 /* ContentViewController.m */; };
		0B68A9F64E378BDA4BFDCF10 /* libPods-VNote.a in Frameworks */ = {isa = PBXBuildFile; fileRef = 2B57982BA149561F45514EC1 /* libPods-VNote.a */; };
		519B5DF01E3F364500A3B2DF /* NSData+Base64.m in Sources */ = {isa = PBXBuildFile; fileRef = 519B5DED1E3F364500A3B2DF /* NSData+Base64.m */; };
		519B5DF11E3F364500A3B2DF /* VerificationController.m in Sources */ = {isa = PBXBuildFile; fileRef = 519B5DEF1E3F364500A3B2DF /* VerificationController.m */; settings = {COMPILER_FLAGS = "-fno-objc-arc"; }; };
		548D9A47CAEA548B83E3A149 /* libPods-VNoteTests.a in Frameworks */ = {isa = PBXBuildFile; fileRef = AE847A1BE9F1A59F65C83914 /* libPods-VNoteTests.a */; };
		70F250B260E334D4ACA56DB0 /* libPods-VNoteUITests.a in Frameworks */ = {isa = PBXBuildFile; fileRef = AB238E5B97BE3F325F79916B /* libPods-VNoteUITests.a */; };
		C32FF5C01C3CD9F500953F56 /* main.m in Sources */ = {isa = PBXBuildFile; fileRef = C32FF5BF1C3CD9F500953F56 /* main.m */; };
		C32FF5C31C3CD9F500953F56 /* AppDelegate.m in Sources */ = {isa = PBXBuildFile; fileRef = C32FF5C21C3CD9F500953F56 /* AppDelegate.m */; };
		C32FF5C61C3CD9F500953F56 /* ViewController.m in Sources */ = {isa = PBXBuildFile; fileRef = C32FF5C51C3CD9F500953F56 /* ViewController.m */; };
		C32FF5C91C3CD9F500953F56 /* Main.storyboard in Resources */ = {isa = PBXBuildFile; fileRef = C32FF5C71C3CD9F500953F56 /* Main.storyboard */; };
		C32FF5CB1C3CD9F500953F56 /* Assets.xcassets in Resources */ = {isa = PBXBuildFile; fileRef = C32FF5CA1C3CD9F500953F56 /* Assets.xcassets */; };
		C32FF5CE1C3CD9F500953F56 /* LaunchScreen.storyboard in Resources */ = {isa = PBXBuildFile; fileRef = C32FF5CC1C3CD9F500953F56 /* LaunchScreen.storyboard */; };
		C32FF5D91C3CD9F500953F56 /* VNoteTests.m in Sources */ = {isa = PBXBuildFile; fileRef = C32FF5D81C3CD9F500953F56 /* VNoteTests.m */; };
		C32FF5E41C3CD9F500953F56 /* VNoteUITests.m in Sources */ = {isa = PBXBuildFile; fileRef = C32FF5E31C3CD9F500953F56 /* VNoteUITests.m */; };
		CD1F10981D8A78390040B2AE /* StoreKit.framework in Frameworks */ = {isa = PBXBuildFile; fileRef = CD1F10971D8A78390040B2AE /* StoreKit.framework */; };
		CD2F4DEC1D92A6BB008098C3 /* HomeTable.m in Sources */ = {isa = PBXBuildFile; fileRef = CD2F4DEB1D92A6BB008098C3 /* HomeTable.m */; };
		CD2F4DF51D92BBAD008098C3 /* BuyAppViewController.m in Sources */ = {isa = PBXBuildFile; fileRef = CD2F4DF41D92BBAD008098C3 /* BuyAppViewController.m */; };
		CD3BACFC1D50866E00F897AB /* CFNetwork.framework in Frameworks */ = {isa = PBXBuildFile; fileRef = CD3BACFB1D50866E00F897AB /* CFNetwork.framework */; };
		CD3BACFE1D50867C00F897AB /* Security.framework in Frameworks */ = {isa = PBXBuildFile; fileRef = CD3BACFD1D50867C00F897AB /* Security.framework */; };
		CD3BAD001D50868900F897AB /* SystemConfiguration.framework in Frameworks */ = {isa = PBXBuildFile; fileRef = CD3BACFF1D50868900F897AB /* SystemConfiguration.framework */; };
		CD3BAD021D5086C800F897AB /* libc++.1.tbd in Frameworks */ = {isa = PBXBuildFile; fileRef = CD3BAD011D5086C800F897AB /* libc++.1.tbd */; };
		CD3BAD041D5086DE00F897AB /* libc++.tbd in Frameworks */ = {isa = PBXBuildFile; fileRef = CD3BAD031D5086DE00F897AB /* libc++.tbd */; };
		CD3BAD061D5086EC00F897AB /* libc++abi.tbd in Frameworks */ = {isa = PBXBuildFile; fileRef = CD3BAD051D5086EC00F897AB /* libc++abi.tbd */; };
		CD4D10FF1D51D1A8005710C9 /* UIKit.framework in Frameworks */ = {isa = PBXBuildFile; fileRef = CD4D10FE1D51D1A8005710C9 /* UIKit.framework */; };
		CD4D11021D51D32C005710C9 /* Notes.xcdatamodeld in Sources */ = {isa = PBXBuildFile; fileRef = CD4D11001D51D32C005710C9 /* Notes.xcdatamodeld */; };
		CD4D110C1D51DBF4005710C9 /* libsqlite3.0.tbd in Frameworks */ = {isa = PBXBuildFile; fileRef = CD4D110A1D51DBF4005710C9 /* libsqlite3.0.tbd */; };
		CD4D110D1D51DBF4005710C9 /* libsqlite3.tbd in Frameworks */ = {isa = PBXBuildFile; fileRef = CD4D110B1D51DBF4005710C9 /* libsqlite3.tbd */; };
		CD8089CD1D910E8600740900 /* AppPurchaseProductProcess.m in Sources */ = {isa = PBXBuildFile; fileRef = CD8089CC1D910E8600740900 /* AppPurchaseProductProcess.m */; };
		CDBA7B851D8FC4630034D72E /* AppPurchaseProduct.m in Sources */ = {isa = PBXBuildFile; fileRef = CDBA7B841D8FC4630034D72E /* AppPurchaseProduct.m */; };
/* End PBXBuildFile section */

/* Begin PBXContainerItemProxy section */
		C32FF5D51C3CD9F500953F56 /* PBXContainerItemProxy */ = {
			isa = PBXContainerItemProxy;
			containerPortal = C32FF5B31C3CD9F400953F56 /* Project object */;
			proxyType = 1;
			remoteGlobalIDString = C32FF5BA1C3CD9F400953F56;
			remoteInfo = VNote;
		};
		C32FF5E01C3CD9F500953F56 /* PBXContainerItemProxy */ = {
			isa = PBXContainerItemProxy;
			containerPortal = C32FF5B31C3CD9F400953F56 /* Project object */;
			proxyType = 1;
			remoteGlobalIDString = C32FF5BA1C3CD9F400953F56;
			remoteInfo = VNote;
		};
/* End PBXContainerItemProxy section */

/* Begin PBXFileReference section */
		097D121D1E4DC01100F0B064 /* IAPInfo.plist */ = {isa = PBXFileReference; fileEncoding = 4; lastKnownFileType = text.plist.xml; name = IAPInfo.plist; path = ../IAPInfo.plist; sourceTree = "<group>"; };
		097D12251E4DCE7600F0B064 /* AppPurchase.h */ = {isa = PBXFileReference; fileEncoding = 4; lastKnownFileType = sourcecode.c.h; path = AppPurchase.h; sourceTree = "<group>"; };
		097D12261E4DCE7600F0B064 /* AppPurchase.m */ = {isa = PBXFileReference; fileEncoding = 4; lastKnownFileType = sourcecode.c.objc; path = AppPurchase.m; sourceTree = "<group>"; };
		097D12281E4DEE3C00F0B064 /* ContentViewController.h */ = {isa = PBXFileReference; fileEncoding = 4; lastKnownFileType = sourcecode.c.h; path = ContentViewController.h; sourceTree = "<group>"; };
		097D12291E4DEE3C00F0B064 /* ContentViewController.m */ = {isa = PBXFileReference; fileEncoding = 4; lastKnownFileType = sourcecode.c.objc; path = ContentViewController.m; sourceTree = "<group>"; };
		2B57982BA149561F45514EC1 /* libPods-VNote.a */ = {isa = PBXFileReference; explicitFileType = archive.ar; includeInIndex = 0; path = "libPods-VNote.a"; sourceTree = BUILT_PRODUCTS_DIR; };
		357528627AAFA936B372BC0C /* Pods-VNote.debug.xcconfig */ = {isa = PBXFileReference; includeInIndex = 1; lastKnownFileType = text.xcconfig; name = "Pods-VNote.debug.xcconfig"; path = "Pods/Target Support Files/Pods-VNote/Pods-VNote.debug.xcconfig"; sourceTree = "<group>"; };
		519B5DEC1E3F364500A3B2DF /* NSData+Base64.h */ = {isa = PBXFileReference; fileEncoding = 4; lastKnownFileType = sourcecode.c.h; path = "NSData+Base64.h"; sourceTree = "<group>"; };
		519B5DED1E3F364500A3B2DF /* NSData+Base64.m */ = {isa = PBXFileReference; fileEncoding = 4; lastKnownFileType = sourcecode.c.objc; path = "NSData+Base64.m"; sourceTree = "<group>"; };
		519B5DEE1E3F364500A3B2DF /* VerificationController.h */ = {isa = PBXFileReference; fileEncoding = 4; lastKnownFileType = sourcecode.c.h; path = VerificationController.h; sourceTree = "<group>"; };
		519B5DEF1E3F364500A3B2DF /* VerificationController.m */ = {isa = PBXFileReference; fileEncoding = 4; lastKnownFileType = sourcecode.c.objc; path = VerificationController.m; sourceTree = "<group>"; };
		5A428380DF8F620E39B78403 /* Pods-VNoteUITests.release.xcconfig */ = {isa = PBXFileReference; includeInIndex = 1; lastKnownFileType = text.xcconfig; name = "Pods-VNoteUITests.release.xcconfig"; path = "Pods/Target Support Files/Pods-VNoteUITests/Pods-VNoteUITests.release.xcconfig"; sourceTree = "<group>"; };
		6277A8F352ED24176A31DAD5 /* Pods-VNoteTests.debug.xcconfig */ = {isa = PBXFileReference; includeInIndex = 1; lastKnownFileType = text.xcconfig; name = "Pods-VNoteTests.debug.xcconfig"; path = "Pods/Target Support Files/Pods-VNoteTests/Pods-VNoteTests.debug.xcconfig"; sourceTree = "<group>"; };
		9316962FD08017221A3CBBCD /* Pods-VNoteTests.release.xcconfig */ = {isa = PBXFileReference; includeInIndex = 1; lastKnownFileType = text.xcconfig; name = "Pods-VNoteTests.release.xcconfig"; path = "Pods/Target Support Files/Pods-VNoteTests/Pods-VNoteTests.release.xcconfig"; sourceTree = "<group>"; };
		A05AB8EF2304B934F1358C41 /* Pods-VNoteUITests.debug.xcconfig */ = {isa = PBXFileReference; includeInIndex = 1; lastKnownFileType = text.xcconfig; name = "Pods-VNoteUITests.debug.xcconfig"; path = "Pods/Target Support Files/Pods-VNoteUITests/Pods-VNoteUITests.debug.xcconfig"; sourceTree = "<group>"; };
		AB238E5B97BE3F325F79916B /* libPods-VNoteUITests.a */ = {isa = PBXFileReference; explicitFileType = archive.ar; includeInIndex = 0; path = "libPods-VNoteUITests.a"; sourceTree = BUILT_PRODUCTS_DIR; };
		AE847A1BE9F1A59F65C83914 /* libPods-VNoteTests.a */ = {isa = PBXFileReference; explicitFileType = archive.ar; includeInIndex = 0; path = "libPods-VNoteTests.a"; sourceTree = BUILT_PRODUCTS_DIR; };
		C32FF5BB1C3CD9F400953F56 /* VNote.app */ = {isa = PBXFileReference; explicitFileType = wrapper.application; includeInIndex = 0; path = VNote.app; sourceTree = BUILT_PRODUCTS_DIR; };
		C32FF5BF1C3CD9F500953F56 /* main.m */ = {isa = PBXFileReference; lastKnownFileType = sourcecode.c.objc; path = main.m; sourceTree = "<group>"; };
		C32FF5C11C3CD9F500953F56 /* AppDelegate.h */ = {isa = PBXFileReference; lastKnownFileType = sourcecode.c.h; path = AppDelegate.h; sourceTree = "<group>"; };
		C32FF5C21C3CD9F500953F56 /* AppDelegate.m */ = {isa = PBXFileReference; lastKnownFileType = sourcecode.c.objc; path = AppDelegate.m; sourceTree = "<group>"; };
		C32FF5C41C3CD9F500953F56 /* ViewController.h */ = {isa = PBXFileReference; lastKnownFileType = sourcecode.c.h; name = ViewController.h; path = VNote/ViewController.h; sourceTree = "<group>"; };
		C32FF5C51C3CD9F500953F56 /* ViewController.m */ = {isa = PBXFileReference; lastKnownFileType = sourcecode.c.objc; name = ViewController.m; path = VNote/ViewController.m; sourceTree = "<group>"; };
		C32FF5C81C3CD9F500953F56 /* Base */ = {isa = PBXFileReference; lastKnownFileType = file.storyboard; name = Base; path = Base.lproj/Main.storyboard; sourceTree = "<group>"; };
		C32FF5CA1C3CD9F500953F56 /* Assets.xcassets */ = {isa = PBXFileReference; lastKnownFileType = folder.assetcatalog; path = Assets.xcassets; sourceTree = "<group>"; };
		C32FF5CD1C3CD9F500953F56 /* Base */ = {isa = PBXFileReference; lastKnownFileType = file.storyboard; name = Base; path = Base.lproj/LaunchScreen.storyboard; sourceTree = "<group>"; };
		C32FF5CF1C3CD9F500953F56 /* Info.plist */ = {isa = PBXFileReference; lastKnownFileType = text.plist.xml; path = Info.plist; sourceTree = "<group>"; };
		C32FF5D41C3CD9F500953F56 /* VNoteTests.xctest */ = {isa = PBXFileReference; explicitFileType = wrapper.cfbundle; includeInIndex = 0; path = VNoteTests.xctest; sourceTree = BUILT_PRODUCTS_DIR; };
		C32FF5D81C3CD9F500953F56 /* VNoteTests.m */ = {isa = PBXFileReference; lastKnownFileType = sourcecode.c.objc; path = VNoteTests.m; sourceTree = "<group>"; };
		C32FF5DA1C3CD9F500953F56 /* Info.plist */ = {isa = PBXFileReference; lastKnownFileType = text.plist.xml; path = Info.plist; sourceTree = "<group>"; };
		C32FF5DF1C3CD9F500953F56 /* VNoteUITests.xctest */ = {isa = PBXFileReference; explicitFileType = wrapper.cfbundle; includeInIndex = 0; path = VNoteUITests.xctest; sourceTree = BUILT_PRODUCTS_DIR; };
		C32FF5E31C3CD9F500953F56 /* VNoteUITests.m */ = {isa = PBXFileReference; lastKnownFileType = sourcecode.c.objc; path = VNoteUITests.m; sourceTree = "<group>"; };
		C32FF5E51C3CD9F500953F56 /* Info.plist */ = {isa = PBXFileReference; lastKnownFileType = text.plist.xml; path = Info.plist; sourceTree = "<group>"; };
		CD1F10971D8A78390040B2AE /* StoreKit.framework */ = {isa = PBXFileReference; lastKnownFileType = wrapper.framework; name = StoreKit.framework; path = System/Library/Frameworks/StoreKit.framework; sourceTree = SDKROOT; };
		CD2B8CA81D81A42600E125B3 /* VNote.entitlements */ = {isa = PBXFileReference; lastKnownFileType = text.xml; path = VNote.entitlements; sourceTree = "<group>"; };
		CD2F4DEA1D92A6BB008098C3 /* HomeTable.h */ = {isa = PBXFileReference; fileEncoding = 4; lastKnownFileType = sourcecode.c.h; path = HomeTable.h; sourceTree = "<group>"; };
		CD2F4DEB1D92A6BB008098C3 /* HomeTable.m */ = {isa = PBXFileReference; fileEncoding = 4; lastKnownFileType = sourcecode.c.objc; path = HomeTable.m; sourceTree = "<group>"; };
		CD2F4DF31D92BBAD008098C3 /* BuyAppViewController.h */ = {isa = PBXFileReference; fileEncoding = 4; lastKnownFileType = sourcecode.c.h; path = BuyAppViewController.h; sourceTree = "<group>"; };
		CD2F4DF41D92BBAD008098C3 /* BuyAppViewController.m */ = {isa = PBXFileReference; fileEncoding = 4; lastKnownFileType = sourcecode.c.objc; path = BuyAppViewController.m; sourceTree = "<group>"; };
		CD3BACFB1D50866E00F897AB /* CFNetwork.framework */ = {isa = PBXFileReference; lastKnownFileType = wrapper.framework; name = CFNetwork.framework; path = System/Library/Frameworks/CFNetwork.framework; sourceTree = SDKROOT; };
		CD3BACFD1D50867C00F897AB /* Security.framework */ = {isa = PBXFileReference; lastKnownFileType = wrapper.framework; name = Security.framework; path = System/Library/Frameworks/Security.framework; sourceTree = SDKROOT; };
		CD3BACFF1D50868900F897AB /* SystemConfiguration.framework */ = {isa = PBXFileReference; lastKnownFileType = wrapper.framework; name = SystemConfiguration.framework; path = System/Library/Frameworks/SystemConfiguration.framework; sourceTree = SDKROOT; };
		CD3BAD011D5086C800F897AB /* libc++.1.tbd */ = {isa = PBXFileReference; lastKnownFileType = "sourcecode.text-based-dylib-definition"; name = "libc++.1.tbd"; path = "usr/lib/libc++.1.tbd"; sourceTree = SDKROOT; };
		CD3BAD031D5086DE00F897AB /* libc++.tbd */ = {isa = PBXFileReference; lastKnownFileType = "sourcecode.text-based-dylib-definition"; name = "libc++.tbd"; path = "usr/lib/libc++.tbd"; sourceTree = SDKROOT; };
		CD3BAD051D5086EC00F897AB /* libc++abi.tbd */ = {isa = PBXFileReference; lastKnownFileType = "sourcecode.text-based-dylib-definition"; name = "libc++abi.tbd"; path = "usr/lib/libc++abi.tbd"; sourceTree = SDKROOT; };
		CD4D10FE1D51D1A8005710C9 /* UIKit.framework */ = {isa = PBXFileReference; lastKnownFileType = wrapper.framework; name = UIKit.framework; path = System/Library/Frameworks/UIKit.framework; sourceTree = SDKROOT; };
		CD4D11011D51D32C005710C9 /* Notes.xcdatamodel */ = {isa = PBXFileReference; lastKnownFileType = wrapper.xcdatamodel; path = Notes.xcdatamodel; sourceTree = "<group>"; };
		CD4D110A1D51DBF4005710C9 /* libsqlite3.0.tbd */ = {isa = PBXFileReference; lastKnownFileType = "sourcecode.text-based-dylib-definition"; name = libsqlite3.0.tbd; path = usr/lib/libsqlite3.0.tbd; sourceTree = SDKROOT; };
		CD4D110B1D51DBF4005710C9 /* libsqlite3.tbd */ = {isa = PBXFileReference; lastKnownFileType = "sourcecode.text-based-dylib-definition"; name = libsqlite3.tbd; path = usr/lib/libsqlite3.tbd; sourceTree = SDKROOT; };
		CD8089CB1D910E8600740900 /* AppPurchaseProductProcess.h */ = {isa = PBXFileReference; fileEncoding = 4; lastKnownFileType = sourcecode.c.h; path = AppPurchaseProductProcess.h; sourceTree = "<group>"; };
		CD8089CC1D910E8600740900 /* AppPurchaseProductProcess.m */ = {isa = PBXFileReference; fileEncoding = 4; lastKnownFileType = sourcecode.c.objc; path = AppPurchaseProductProcess.m; sourceTree = "<group>"; };
		CDBA7B831D8FC4630034D72E /* AppPurchaseProduct.h */ = {isa = PBXFileReference; fileEncoding = 4; lastKnownFileType = sourcecode.c.h; path = AppPurchaseProduct.h; sourceTree = "<group>"; };
		CDBA7B841D8FC4630034D72E /* AppPurchaseProduct.m */ = {isa = PBXFileReference; fileEncoding = 4; lastKnownFileType = sourcecode.c.objc; path = AppPurchaseProduct.m; sourceTree = "<group>"; };
		E92319ABFED2210CF2152788 /* Pods-VNote.release.xcconfig */ = {isa = PBXFileReference; includeInIndex = 1; lastKnownFileType = text.xcconfig; name = "Pods-VNote.release.xcconfig"; path = "Pods/Target Support Files/Pods-VNote/Pods-VNote.release.xcconfig"; sourceTree = "<group>"; };
/* End PBXFileReference section */

/* Begin PBXFrameworksBuildPhase section */
		C32FF5B81C3CD9F400953F56 /* Frameworks */ = {
			isa = PBXFrameworksBuildPhase;
			buildActionMask = 2147483647;
			files = (
				CD1F10981D8A78390040B2AE /* StoreKit.framework in Frameworks */,
				CD4D110C1D51DBF4005710C9 /* libsqlite3.0.tbd in Frameworks */,
				CD4D110D1D51DBF4005710C9 /* libsqlite3.tbd in Frameworks */,
				CD4D10FF1D51D1A8005710C9 /* UIKit.framework in Frameworks */,
				CD3BAD061D5086EC00F897AB /* libc++abi.tbd in Frameworks */,
				CD3BAD041D5086DE00F897AB /* libc++.tbd in Frameworks */,
				CD3BAD021D5086C800F897AB /* libc++.1.tbd in Frameworks */,
				CD3BAD001D50868900F897AB /* SystemConfiguration.framework in Frameworks */,
				CD3BACFE1D50867C00F897AB /* Security.framework in Frameworks */,
				CD3BACFC1D50866E00F897AB /* CFNetwork.framework in Frameworks */,
				0B68A9F64E378BDA4BFDCF10 /* libPods-VNote.a in Frameworks */,
			);
			runOnlyForDeploymentPostprocessing = 0;
		};
		C32FF5D11C3CD9F500953F56 /* Frameworks */ = {
			isa = PBXFrameworksBuildPhase;
			buildActionMask = 2147483647;
			files = (
				548D9A47CAEA548B83E3A149 /* libPods-VNoteTests.a in Frameworks */,
			);
			runOnlyForDeploymentPostprocessing = 0;
		};
		C32FF5DC1C3CD9F500953F56 /* Frameworks */ = {
			isa = PBXFrameworksBuildPhase;
			buildActionMask = 2147483647;
			files = (
				70F250B260E334D4ACA56DB0 /* libPods-VNoteUITests.a in Frameworks */,
			);
			runOnlyForDeploymentPostprocessing = 0;
		};
/* End PBXFrameworksBuildPhase section */

/* Begin PBXGroup section */
		518CBAEAB0178B97EA514C7E /* Pods */ = {
			isa = PBXGroup;
			children = (
				357528627AAFA936B372BC0C /* Pods-VNote.debug.xcconfig */,
				E92319ABFED2210CF2152788 /* Pods-VNote.release.xcconfig */,
				6277A8F352ED24176A31DAD5 /* Pods-VNoteTests.debug.xcconfig */,
				9316962FD08017221A3CBBCD /* Pods-VNoteTests.release.xcconfig */,
				A05AB8EF2304B934F1358C41 /* Pods-VNoteUITests.debug.xcconfig */,
				5A428380DF8F620E39B78403 /* Pods-VNoteUITests.release.xcconfig */,
			);
			name = Pods;
			sourceTree = "<group>";
		};
		519B5DDF1E3F1D0D00A3B2DF /* VerifocationViewController */ = {
			isa = PBXGroup;
			children = (
				519B5DEC1E3F364500A3B2DF /* NSData+Base64.h */,
				519B5DED1E3F364500A3B2DF /* NSData+Base64.m */,
				519B5DEE1E3F364500A3B2DF /* VerificationController.h */,
				519B5DEF1E3F364500A3B2DF /* VerificationController.m */,
			);
			name = VerifocationViewController;
			sourceTree = "<group>";
		};
		933B827E5B19EBA2F847765F /* Frameworks */ = {
			isa = PBXGroup;
			children = (
				CD1F10971D8A78390040B2AE /* StoreKit.framework */,
				CD4D110A1D51DBF4005710C9 /* libsqlite3.0.tbd */,
				CD4D110B1D51DBF4005710C9 /* libsqlite3.tbd */,
				CD3BAD051D5086EC00F897AB /* libc++abi.tbd */,
				CD3BAD031D5086DE00F897AB /* libc++.tbd */,
				CD3BAD011D5086C800F897AB /* libc++.1.tbd */,
				CD3BACFF1D50868900F897AB /* SystemConfiguration.framework */,
				CD3BACFD1D50867C00F897AB /* Security.framework */,
				CD3BACFB1D50866E00F897AB /* CFNetwork.framework */,
				2B57982BA149561F45514EC1 /* libPods-VNote.a */,
				AE847A1BE9F1A59F65C83914 /* libPods-VNoteTests.a */,
				AB238E5B97BE3F325F79916B /* libPods-VNoteUITests.a */,
			);
			name = Frameworks;
			sourceTree = "<group>";
		};
		C3285D5E1C3E2EDC00EFDBC1 /* Login */ = {
			isa = PBXGroup;
			children = (
				C32FF5C41C3CD9F500953F56 /* ViewController.h */,
				C32FF5C51C3CD9F500953F56 /* ViewController.m */,
				CD2F4DEA1D92A6BB008098C3 /* HomeTable.h */,
				CD2F4DEB1D92A6BB008098C3 /* HomeTable.m */,
				CD2F4DF31D92BBAD008098C3 /* BuyAppViewController.h */,
				CD2F4DF41D92BBAD008098C3 /* BuyAppViewController.m */,
				097D12281E4DEE3C00F0B064 /* ContentViewController.h */,
				097D12291E4DEE3C00F0B064 /* ContentViewController.m */,
			);
			name = Login;
			path = ..;
			sourceTree = "<group>";
		};
		C32FF5B21C3CD9F400953F56 = {
			isa = PBXGroup;
			children = (
				CDE25DB91D6732C2006E4AE7 /* Framework */,
				C32FF5BD1C3CD9F400953F56 /* VNote */,
				C32FF5D71C3CD9F500953F56 /* VNoteTests */,
				C32FF5E21C3CD9F500953F56 /* VNoteUITests */,
				C32FF5BC1C3CD9F400953F56 /* Products */,
				933B827E5B19EBA2F847765F /* Frameworks */,
				518CBAEAB0178B97EA514C7E /* Pods */,
			);
			sourceTree = "<group>";
		};
		C32FF5BC1C3CD9F400953F56 /* Products */ = {
			isa = PBXGroup;
			children = (
				C32FF5BB1C3CD9F400953F56 /* VNote.app */,
				C32FF5D41C3CD9F500953F56 /* VNoteTests.xctest */,
				C32FF5DF1C3CD9F500953F56 /* VNoteUITests.xctest */,
			);
			name = Products;
			sourceTree = "<group>";
		};
		C32FF5BD1C3CD9F400953F56 /* VNote */ = {
			isa = PBXGroup;
			children = (
				CD2B8CA81D81A42600E125B3 /* VNote.entitlements */,
				CDBA7B761D8FA97C0034D72E /* InAppPurchase */,
				C32FF5FB1C3D1FFB00953F56 /* AppDelegate */,
				C3285D5E1C3E2EDC00EFDBC1 /* Login */,
				C32FF5C71C3CD9F500953F56 /* Main.storyboard */,
				C32FF5CA1C3CD9F500953F56 /* Assets.xcassets */,
				C32FF5CC1C3CD9F500953F56 /* LaunchScreen.storyboard */,
				C32FF5CF1C3CD9F500953F56 /* Info.plist */,
				097D121D1E4DC01100F0B064 /* IAPInfo.plist */,
				C32FF5BE1C3CD9F500953F56 /* Supporting Files */,
			);
			path = VNote;
			sourceTree = "<group>";
		};
		C32FF5BE1C3CD9F500953F56 /* Supporting Files */ = {
			isa = PBXGroup;
			children = (
				C32FF5BF1C3CD9F500953F56 /* main.m */,
				CD4D11001D51D32C005710C9 /* Notes.xcdatamodeld */,
			);
			name = "Supporting Files";
			sourceTree = "<group>";
		};
		C32FF5D71C3CD9F500953F56 /* VNoteTests */ = {
			isa = PBXGroup;
			children = (
				C32FF5D81C3CD9F500953F56 /* VNoteTests.m */,
				C32FF5DA1C3CD9F500953F56 /* Info.plist */,
			);
			path = VNoteTests;
			sourceTree = "<group>";
		};
		C32FF5E21C3CD9F500953F56 /* VNoteUITests */ = {
			isa = PBXGroup;
			children = (
				C32FF5E31C3CD9F500953F56 /* VNoteUITests.m */,
				C32FF5E51C3CD9F500953F56 /* Info.plist */,
			);
			path = VNoteUITests;
			sourceTree = "<group>";
		};
		C32FF5FB1C3D1FFB00953F56 /* AppDelegate */ = {
			isa = PBXGroup;
			children = (
				C32FF5C11C3CD9F500953F56 /* AppDelegate.h */,
				C32FF5C21C3CD9F500953F56 /* AppDelegate.m */,
			);
			name = AppDelegate;
			sourceTree = "<group>";
		};
		CDBA7B761D8FA97C0034D72E /* InAppPurchase */ = {
			isa = PBXGroup;
			children = (
				519B5DDF1E3F1D0D00A3B2DF /* VerifocationViewController */,
				097D12251E4DCE7600F0B064 /* AppPurchase.h */,
				097D12261E4DCE7600F0B064 /* AppPurchase.m */,
				CDBA7B831D8FC4630034D72E /* AppPurchaseProduct.h */,
				CDBA7B841D8FC4630034D72E /* AppPurchaseProduct.m */,
				CD8089CB1D910E8600740900 /* AppPurchaseProductProcess.h */,
				CD8089CC1D910E8600740900 /* AppPurchaseProductProcess.m */,
			);
			name = InAppPurchase;
			path = ..;
			sourceTree = "<group>";
		};
		CDE25DB91D6732C2006E4AE7 /* Framework */ = {
			isa = PBXGroup;
			children = (
				CD4D10FE1D51D1A8005710C9 /* UIKit.framework */,
			);
			name = Framework;
			sourceTree = "<group>";
		};
/* End PBXGroup section */

/* Begin PBXNativeTarget section */
		C32FF5BA1C3CD9F400953F56 /* VNote */ = {
			isa = PBXNativeTarget;
			buildConfigurationList = C32FF5E81C3CD9F500953F56 /* Build configuration list for PBXNativeTarget "VNote" */;
			buildPhases = (
				E21C235ECC93B44BC0DECFB1 /* [CP] Check Pods Manifest.lock */,
				C32FF5B71C3CD9F400953F56 /* Sources */,
				C32FF5B81C3CD9F400953F56 /* Frameworks */,
				C32FF5B91C3CD9F400953F56 /* Resources */,
				52D3D5A33C033EBF35510A28 /* [CP] Embed Pods Frameworks */,
				1DE90F2DD2E6453F205DF22A /* [CP] Copy Pods Resources */,
			);
			buildRules = (
			);
			dependencies = (
			);
			name = VNote;
			productName = VNote;
			productReference = C32FF5BB1C3CD9F400953F56 /* VNote.app */;
			productType = "com.apple.product-type.application";
		};
		C32FF5D31C3CD9F500953F56 /* VNoteTests */ = {
			isa = PBXNativeTarget;
			buildConfigurationList = C32FF5EB1C3CD9F500953F56 /* Build configuration list for PBXNativeTarget "VNoteTests" */;
			buildPhases = (
				1D89F587C93F6DDE16C9DBB8 /* [CP] Check Pods Manifest.lock */,
				C32FF5D01C3CD9F500953F56 /* Sources */,
				C32FF5D11C3CD9F500953F56 /* Frameworks */,
				C32FF5D21C3CD9F500953F56 /* Resources */,
				DCFFFBAD777BD04B14244CF6 /* [CP] Embed Pods Frameworks */,
				8331B3268BF2E557840C35AF /* [CP] Copy Pods Resources */,
			);
			buildRules = (
			);
			dependencies = (
				C32FF5D61C3CD9F500953F56 /* PBXTargetDependency */,
			);
			name = VNoteTests;
			productName = VNoteTests;
			productReference = C32FF5D41C3CD9F500953F56 /* VNoteTests.xctest */;
			productType = "com.apple.product-type.bundle.unit-test";
		};
		C32FF5DE1C3CD9F500953F56 /* VNoteUITests */ = {
			isa = PBXNativeTarget;
			buildConfigurationList = C32FF5EE1C3CD9F500953F56 /* Build configuration list for PBXNativeTarget "VNoteUITests" */;
			buildPhases = (
				C25B295A94FDC47E9CF8AC62 /* [CP] Check Pods Manifest.lock */,
				C32FF5DB1C3CD9F500953F56 /* Sources */,
				C32FF5DC1C3CD9F500953F56 /* Frameworks */,
				C32FF5DD1C3CD9F500953F56 /* Resources */,
				78C99D4726C6C5A1E4181AC0 /* [CP] Copy Pods Resources */,
				6F56A83494684D6E1C06731E /* [CP] Embed Pods Frameworks */,
			);
			buildRules = (
			);
			dependencies = (
				C32FF5E11C3CD9F500953F56 /* PBXTargetDependency */,
			);
			name = VNoteUITests;
			productName = VNoteUITests;
			productReference = C32FF5DF1C3CD9F500953F56 /* VNoteUITests.xctest */;
			productType = "com.apple.product-type.bundle.ui-testing";
		};
/* End PBXNativeTarget section */

/* Begin PBXProject section */
		C32FF5B31C3CD9F400953F56 /* Project object */ = {
			isa = PBXProject;
			attributes = {
				LastUpgradeCheck = 0710;
				ORGANIZATIONNAME = "Vmoksha Technologies Pvt Ltd";
				TargetAttributes = {
					C32FF5BA1C3CD9F400953F56 = {
						CreatedOnToolsVersion = 7.1.1;
						DevelopmentTeam = DH337745N2;
						LastSwiftMigration = 0810;
						SystemCapabilities = {
							com.apple.InAppPurchase = {
								enabled = 1;
							};
							com.apple.OMC = {
								enabled = 0;
							};
						};
					};
					C32FF5D31C3CD9F500953F56 = {
						CreatedOnToolsVersion = 7.1.1;
						TestTargetID = C32FF5BA1C3CD9F400953F56;
					};
					C32FF5DE1C3CD9F500953F56 = {
						CreatedOnToolsVersion = 7.1.1;
						TestTargetID = C32FF5BA1C3CD9F400953F56;
					};
				};
			};
			buildConfigurationList = C32FF5B61C3CD9F400953F56 /* Build configuration list for PBXProject "VNote" */;
			compatibilityVersion = "Xcode 3.2";
			developmentRegion = English;
			hasScannedForEncodings = 0;
			knownRegions = (
				en,
				Base,
			);
			mainGroup = C32FF5B21C3CD9F400953F56;
			productRefGroup = C32FF5BC1C3CD9F400953F56 /* Products */;
			projectDirPath = "";
			projectRoot = "";
			targets = (
				C32FF5BA1C3CD9F400953F56 /* VNote */,
				C32FF5D31C3CD9F500953F56 /* VNoteTests */,
				C32FF5DE1C3CD9F500953F56 /* VNoteUITests */,
			);
		};
/* End PBXProject section */

/* Begin PBXResourcesBuildPhase section */
		C32FF5B91C3CD9F400953F56 /* Resources */ = {
			isa = PBXResourcesBuildPhase;
			buildActionMask = 2147483647;
			files = (
				C32FF5CE1C3CD9F500953F56 /* LaunchScreen.storyboard in Resources */,
				097D121E1E4DC01100F0B064 /* IAPInfo.plist in Resources */,
				C32FF5CB1C3CD9F500953F56 /* Assets.xcassets in Resources */,
				C32FF5C91C3CD9F500953F56 /* Main.storyboard in Resources */,
			);
			runOnlyForDeploymentPostprocessing = 0;
		};
		C32FF5D21C3CD9F500953F56 /* Resources */ = {
			isa = PBXResourcesBuildPhase;
			buildActionMask = 2147483647;
			files = (
			);
			runOnlyForDeploymentPostprocessing = 0;
		};
		C32FF5DD1C3CD9F500953F56 /* Resources */ = {
			isa = PBXResourcesBuildPhase;
			buildActionMask = 2147483647;
			files = (
			);
			runOnlyForDeploymentPostprocessing = 0;
		};
/* End PBXResourcesBuildPhase section */

/* Begin PBXShellScriptBuildPhase section */
		1D89F587C93F6DDE16C9DBB8 /* [CP] Check Pods Manifest.lock */ = {
			isa = PBXShellScriptBuildPhase;
			buildActionMask = 2147483647;
			files = (
			);
			inputPaths = (
			);
			name = "[CP] Check Pods Manifest.lock";
			outputPaths = (
			);
			runOnlyForDeploymentPostprocessing = 0;
			shellPath = /bin/sh;
			shellScript = "diff \"${PODS_ROOT}/../Podfile.lock\" \"${PODS_ROOT}/Manifest.lock\" > /dev/null\nif [ $? != 0 ] ; then\n    # print error to STDERR\n    echo \"error: The sandbox is not in sync with the Podfile.lock. Run 'pod install' or update your CocoaPods installation.\" >&2\n    exit 1\nfi\n";
			showEnvVarsInLog = 0;
		};
		1DE90F2DD2E6453F205DF22A /* [CP] Copy Pods Resources */ = {
			isa = PBXShellScriptBuildPhase;
			buildActionMask = 2147483647;
			files = (
			);
			inputPaths = (
			);
			name = "[CP] Copy Pods Resources";
			outputPaths = (
			);
			runOnlyForDeploymentPostprocessing = 0;
			shellPath = /bin/sh;
			shellScript = "\"${SRCROOT}/Pods/Target Support Files/Pods-VNote/Pods-VNote-resources.sh\"\n";
			showEnvVarsInLog = 0;
		};
		52D3D5A33C033EBF35510A28 /* [CP] Embed Pods Frameworks */ = {
			isa = PBXShellScriptBuildPhase;
			buildActionMask = 2147483647;
			files = (
			);
			inputPaths = (
			);
			name = "[CP] Embed Pods Frameworks";
			outputPaths = (
			);
			runOnlyForDeploymentPostprocessing = 0;
			shellPath = /bin/sh;
			shellScript = "\"${SRCROOT}/Pods/Target Support Files/Pods-VNote/Pods-VNote-frameworks.sh\"\n";
			showEnvVarsInLog = 0;
		};
		6F56A83494684D6E1C06731E /* [CP] Embed Pods Frameworks */ = {
			isa = PBXShellScriptBuildPhase;
			buildActionMask = 2147483647;
			files = (
			);
			inputPaths = (
			);
			name = "[CP] Embed Pods Frameworks";
			outputPaths = (
			);
			runOnlyForDeploymentPostprocessing = 0;
			shellPath = /bin/sh;
			shellScript = "\"${SRCROOT}/Pods/Target Support Files/Pods-VNoteUITests/Pods-VNoteUITests-frameworks.sh\"\n";
			showEnvVarsInLog = 0;
		};
		78C99D4726C6C5A1E4181AC0 /* [CP] Copy Pods Resources */ = {
			isa = PBXShellScriptBuildPhase;
			buildActionMask = 2147483647;
			files = (
			);
			inputPaths = (
			);
			name = "[CP] Copy Pods Resources";
			outputPaths = (
			);
			runOnlyForDeploymentPostprocessing = 0;
			shellPath = /bin/sh;
			shellScript = "\"${SRCROOT}/Pods/Target Support Files/Pods-VNoteUITests/Pods-VNoteUITests-resources.sh\"\n";
			showEnvVarsInLog = 0;
		};
		8331B3268BF2E557840C35AF /* [CP] Copy Pods Resources */ = {
			isa = PBXShellScriptBuildPhase;
			buildActionMask = 2147483647;
			files = (
			);
			inputPaths = (
			);
			name = "[CP] Copy Pods Resources";
			outputPaths = (
			);
			runOnlyForDeploymentPostprocessing = 0;
			shellPath = /bin/sh;
			shellScript = "\"${SRCROOT}/Pods/Target Support Files/Pods-VNoteTests/Pods-VNoteTests-resources.sh\"\n";
			showEnvVarsInLog = 0;
		};
		C25B295A94FDC47E9CF8AC62 /* [CP] Check Pods Manifest.lock */ = {
			isa = PBXShellScriptBuildPhase;
			buildActionMask = 2147483647;
			files = (
			);
			inputPaths = (
			);
			name = "[CP] Check Pods Manifest.lock";
			outputPaths = (
			);
			runOnlyForDeploymentPostprocessing = 0;
			shellPath = /bin/sh;
			shellScript = "diff \"${PODS_ROOT}/../Podfile.lock\" \"${PODS_ROOT}/Manifest.lock\" > /dev/null\nif [ $? != 0 ] ; then\n    # print error to STDERR\n    echo \"error: The sandbox is not in sync with the Podfile.lock. Run 'pod install' or update your CocoaPods installation.\" >&2\n    exit 1\nfi\n";
			showEnvVarsInLog = 0;
		};
		DCFFFBAD777BD04B14244CF6 /* [CP] Embed Pods Frameworks */ = {
			isa = PBXShellScriptBuildPhase;
			buildActionMask = 2147483647;
			files = (
			);
			inputPaths = (
			);
			name = "[CP] Embed Pods Frameworks";
			outputPaths = (
			);
			runOnlyForDeploymentPostprocessing = 0;
			shellPath = /bin/sh;
			shellScript = "\"${SRCROOT}/Pods/Target Support Files/Pods-VNoteTests/Pods-VNoteTests-frameworks.sh\"\n";
			showEnvVarsInLog = 0;
		};
		E21C235ECC93B44BC0DECFB1 /* [CP] Check Pods Manifest.lock */ = {
			isa = PBXShellScriptBuildPhase;
			buildActionMask = 2147483647;
			files = (
			);
			inputPaths = (
			);
			name = "[CP] Check Pods Manifest.lock";
			outputPaths = (
			);
			runOnlyForDeploymentPostprocessing = 0;
			shellPath = /bin/sh;
			shellScript = "diff \"${PODS_ROOT}/../Podfile.lock\" \"${PODS_ROOT}/Manifest.lock\" > /dev/null\nif [ $? != 0 ] ; then\n    # print error to STDERR\n    echo \"error: The sandbox is not in sync with the Podfile.lock. Run 'pod install' or update your CocoaPods installation.\" >&2\n    exit 1\nfi\n";
			showEnvVarsInLog = 0;
		};
/* End PBXShellScriptBuildPhase section */

/* Begin PBXSourcesBuildPhase section */
		C32FF5B71C3CD9F400953F56 /* Sources */ = {
			isa = PBXSourcesBuildPhase;
			buildActionMask = 2147483647;
			files = (
				C32FF5C61C3CD9F500953F56 /* ViewController.m in Sources */,
				CD2F4DF51D92BBAD008098C3 /* BuyAppViewController.m in Sources */,
				519B5DF01E3F364500A3B2DF /* NSData+Base64.m in Sources */,
				C32FF5C31C3CD9F500953F56 /* AppDelegate.m in Sources */,
				CDBA7B851D8FC4630034D72E /* AppPurchaseProduct.m in Sources */,
				519B5DF11E3F364500A3B2DF /* VerificationController.m in Sources */,
				C32FF5C01C3CD9F500953F56 /* main.m in Sources */,
				CD2F4DEC1D92A6BB008098C3 /* HomeTable.m in Sources */,
				097D122A1E4DEE3C00F0B064 /* ContentViewController.m in Sources */,
				097D12271E4DCE7600F0B064 /* AppPurchase.m in Sources */,
				CD8089CD1D910E8600740900 /* AppPurchaseProductProcess.m in Sources */,
				CD4D11021D51D32C005710C9 /* Notes.xcdatamodeld in Sources */,
			);
			runOnlyForDeploymentPostprocessing = 0;
		};
		C32FF5D01C3CD9F500953F56 /* Sources */ = {
			isa = PBXSourcesBuildPhase;
			buildActionMask = 2147483647;
			files = (
				C32FF5D91C3CD9F500953F56 /* VNoteTests.m in Sources */,
			);
			runOnlyForDeploymentPostprocessing = 0;
		};
		C32FF5DB1C3CD9F500953F56 /* Sources */ = {
			isa = PBXSourcesBuildPhase;
			buildActionMask = 2147483647;
			files = (
				C32FF5E41C3CD9F500953F56 /* VNoteUITests.m in Sources */,
			);
			runOnlyForDeploymentPostprocessing = 0;
		};
/* End PBXSourcesBuildPhase section */

/* Begin PBXTargetDependency section */
		C32FF5D61C3CD9F500953F56 /* PBXTargetDependency */ = {
			isa = PBXTargetDependency;
			target = C32FF5BA1C3CD9F400953F56 /* VNote */;
			targetProxy = C32FF5D51C3CD9F500953F56 /* PBXContainerItemProxy */;
		};
		C32FF5E11C3CD9F500953F56 /* PBXTargetDependency */ = {
			isa = PBXTargetDependency;
			target = C32FF5BA1C3CD9F400953F56 /* VNote */;
			targetProxy = C32FF5E01C3CD9F500953F56 /* PBXContainerItemProxy */;
		};
/* End PBXTargetDependency section */

/* Begin PBXVariantGroup section */
		C32FF5C71C3CD9F500953F56 /* Main.storyboard */ = {
			isa = PBXVariantGroup;
			children = (
				C32FF5C81C3CD9F500953F56 /* Base */,
			);
			name = Main.storyboard;
			sourceTree = "<group>";
		};
		C32FF5CC1C3CD9F500953F56 /* LaunchScreen.storyboard */ = {
			isa = PBXVariantGroup;
			children = (
				C32FF5CD1C3CD9F500953F56 /* Base */,
			);
			name = LaunchScreen.storyboard;
			sourceTree = "<group>";
		};
/* End PBXVariantGroup section */

/* Begin XCBuildConfiguration section */
		C32FF5E61C3CD9F500953F56 /* Debug */ = {
			isa = XCBuildConfiguration;
			buildSettings = {
				ALWAYS_SEARCH_USER_PATHS = NO;
				CLANG_CXX_LANGUAGE_STANDARD = "gnu++0x";
				CLANG_CXX_LIBRARY = "libc++";
				CLANG_ENABLE_MODULES = YES;
				CLANG_ENABLE_OBJC_ARC = YES;
				CLANG_WARN_BOOL_CONVERSION = YES;
				CLANG_WARN_CONSTANT_CONVERSION = YES;
				CLANG_WARN_DIRECT_OBJC_ISA_USAGE = YES_ERROR;
				CLANG_WARN_EMPTY_BODY = YES;
				CLANG_WARN_ENUM_CONVERSION = YES;
				CLANG_WARN_INT_CONVERSION = YES;
				CLANG_WARN_OBJC_ROOT_CLASS = YES_ERROR;
				CLANG_WARN_UNREACHABLE_CODE = YES;
				CLANG_WARN__DUPLICATE_METHOD_MATCH = YES;
				"CODE_SIGN_IDENTITY[sdk=iphoneos*]" = "iPhone Developer";
				COPY_PHASE_STRIP = NO;
				DEBUG_INFORMATION_FORMAT = dwarf;
				ENABLE_STRICT_OBJC_MSGSEND = YES;
				ENABLE_TESTABILITY = YES;
				GCC_C_LANGUAGE_STANDARD = gnu99;
				GCC_DYNAMIC_NO_PIC = NO;
				GCC_NO_COMMON_BLOCKS = YES;
				GCC_OPTIMIZATION_LEVEL = 0;
				GCC_PREPROCESSOR_DEFINITIONS = (
					"DEBUG=1",
					"$(inherited)",
				);
				GCC_WARN_64_TO_32_BIT_CONVERSION = YES;
				GCC_WARN_ABOUT_RETURN_TYPE = YES_ERROR;
				GCC_WARN_UNDECLARED_SELECTOR = YES;
				GCC_WARN_UNINITIALIZED_AUTOS = YES_AGGRESSIVE;
				GCC_WARN_UNUSED_FUNCTION = YES;
				GCC_WARN_UNUSED_VARIABLE = YES;
				IPHONEOS_DEPLOYMENT_TARGET = 9.1;
				MTL_ENABLE_DEBUG_INFO = YES;
				ONLY_ACTIVE_ARCH = YES;
				SDKROOT = iphoneos;
				TARGETED_DEVICE_FAMILY = "1,2";
			};
			name = Debug;
		};
		C32FF5E71C3CD9F500953F56 /* Release */ = {
			isa = XCBuildConfiguration;
			buildSettings = {
				ALWAYS_SEARCH_USER_PATHS = NO;
				CLANG_CXX_LANGUAGE_STANDARD = "gnu++0x";
				CLANG_CXX_LIBRARY = "libc++";
				CLANG_ENABLE_MODULES = YES;
				CLANG_ENABLE_OBJC_ARC = YES;
				CLANG_WARN_BOOL_CONVERSION = YES;
				CLANG_WARN_CONSTANT_CONVERSION = YES;
				CLANG_WARN_DIRECT_OBJC_ISA_USAGE = YES_ERROR;
				CLANG_WARN_EMPTY_BODY = YES;
				CLANG_WARN_ENUM_CONVERSION = YES;
				CLANG_WARN_INT_CONVERSION = YES;
				CLANG_WARN_OBJC_ROOT_CLASS = YES_ERROR;
				CLANG_WARN_UNREACHABLE_CODE = YES;
				CLANG_WARN__DUPLICATE_METHOD_MATCH = YES;
				"CODE_SIGN_IDENTITY[sdk=iphoneos*]" = "iPhone Developer";
				COPY_PHASE_STRIP = NO;
				DEBUG_INFORMATION_FORMAT = "dwarf-with-dsym";
				ENABLE_NS_ASSERTIONS = NO;
				ENABLE_STRICT_OBJC_MSGSEND = YES;
				GCC_C_LANGUAGE_STANDARD = gnu99;
				GCC_NO_COMMON_BLOCKS = YES;
				GCC_WARN_64_TO_32_BIT_CONVERSION = YES;
				GCC_WARN_ABOUT_RETURN_TYPE = YES_ERROR;
				GCC_WARN_UNDECLARED_SELECTOR = YES;
				GCC_WARN_UNINITIALIZED_AUTOS = YES_AGGRESSIVE;
				GCC_WARN_UNUSED_FUNCTION = YES;
				GCC_WARN_UNUSED_VARIABLE = YES;
				IPHONEOS_DEPLOYMENT_TARGET = 9.1;
				MTL_ENABLE_DEBUG_INFO = NO;
				SDKROOT = iphoneos;
				TARGETED_DEVICE_FAMILY = "1,2";
				VALIDATE_PRODUCT = YES;
			};
			name = Release;
		};
		C32FF5E91C3CD9F500953F56 /* Debug */ = {
			isa = XCBuildConfiguration;
			baseConfigurationReference = 357528627AAFA936B372BC0C /* Pods-VNote.debug.xcconfig */;
			buildSettings = {
				ASSETCATALOG_COMPILER_APPICON_NAME = "AppIcon-1";
				CLANG_ENABLE_MODULES = YES;
				CODE_SIGN_IDENTITY = "iPhone Developer";
				"CODE_SIGN_IDENTITY[sdk=iphoneos*]" = "iPhone Developer";
				FRAMEWORK_SEARCH_PATHS = (
					"$(inherited)",
					"$(PROJECT_DIR)",
				);
				GCC_PRECOMPILE_PREFIX_HEADER = NO;
				INFOPLIST_FILE = VNote/Info.plist;
				IPHONEOS_DEPLOYMENT_TARGET = 9.2;
				LD_RUNPATH_SEARCH_PATHS = "$(inherited) @executable_path/Frameworks";
				PRODUCT_BUNDLE_IDENTIFIER = com.vmoksha.inappurchasedemo;
				PRODUCT_NAME = "$(TARGET_NAME)";
				PROVISIONING_PROFILE = "";
				SWIFT_OPTIMIZATION_LEVEL = "-Onone";
				SWIFT_VERSION = 3.0;
				TARGETED_DEVICE_FAMILY = 1;
			};
			name = Debug;
		};
		C32FF5EA1C3CD9F500953F56 /* Release */ = {
			isa = XCBuildConfiguration;
			baseConfigurationReference = E92319ABFED2210CF2152788 /* Pods-VNote.release.xcconfig */;
			buildSettings = {
				ASSETCATALOG_COMPILER_APPICON_NAME = "AppIcon-1";
				CLANG_ENABLE_MODULES = YES;
				CODE_SIGN_IDENTITY = "iPhone Developer";
				"CODE_SIGN_IDENTITY[sdk=iphoneos*]" = "iPhone Developer";
				FRAMEWORK_SEARCH_PATHS = (
					"$(inherited)",
					"$(PROJECT_DIR)",
				);
				GCC_PRECOMPILE_PREFIX_HEADER = NO;
				INFOPLIST_FILE = VNote/Info.plist;
				IPHONEOS_DEPLOYMENT_TARGET = 9.2;
				LD_RUNPATH_SEARCH_PATHS = "$(inherited) @executable_path/Frameworks";
				PRODUCT_BUNDLE_IDENTIFIER = com.vmoksha.inappurchasedemo;
				PRODUCT_NAME = "$(TARGET_NAME)";
				PROVISIONING_PROFILE = "";
				SWIFT_VERSION = 3.0;
				TARGETED_DEVICE_FAMILY = 1;
			};
			name = Release;
		};
		C32FF5EC1C3CD9F500953F56 /* Debug */ = {
			isa = XCBuildConfiguration;
			baseConfigurationReference = 6277A8F352ED24176A31DAD5 /* Pods-VNoteTests.debug.xcconfig */;
			buildSettings = {
				BUNDLE_LOADER = "$(TEST_HOST)";
				FRAMEWORK_SEARCH_PATHS = (
					"$(inherited)",
					"$(PROJECT_DIR)",
				);
				INFOPLIST_FILE = VNoteTests/Info.plist;
				LD_RUNPATH_SEARCH_PATHS = "$(inherited) @executable_path/Frameworks @loader_path/Frameworks";
				PRODUCT_BUNDLE_IDENTIFIER = com.demo.VNoteTests;
				PRODUCT_NAME = "$(TARGET_NAME)";
				TEST_HOST = "$(BUILT_PRODUCTS_DIR)/VNote.app/VNote";
			};
			name = Debug;
		};
		C32FF5ED1C3CD9F500953F56 /* Release */ = {
			isa = XCBuildConfiguration;
			baseConfigurationReference = 9316962FD08017221A3CBBCD /* Pods-VNoteTests.release.xcconfig */;
			buildSettings = {
				BUNDLE_LOADER = "$(TEST_HOST)";
				FRAMEWORK_SEARCH_PATHS = (
					"$(inherited)",
					"$(PROJECT_DIR)",
				);
				INFOPLIST_FILE = VNoteTests/Info.plist;
				LD_RUNPATH_SEARCH_PATHS = "$(inherited) @executable_path/Frameworks @loader_path/Frameworks";
				PRODUCT_BUNDLE_IDENTIFIER = com.demo.VNoteTests;
				PRODUCT_NAME = "$(TARGET_NAME)";
				TEST_HOST = "$(BUILT_PRODUCTS_DIR)/VNote.app/VNote";
			};
			name = Release;
		};
		C32FF5EF1C3CD9F500953F56 /* Debug */ = {
			isa = XCBuildConfiguration;
			baseConfigurationReference = A05AB8EF2304B934F1358C41 /* Pods-VNoteUITests.debug.xcconfig */;
			buildSettings = {
				FRAMEWORK_SEARCH_PATHS = (
					"$(inherited)",
					"$(PROJECT_DIR)",
				);
				INFOPLIST_FILE = VNoteUITests/Info.plist;
				LD_RUNPATH_SEARCH_PATHS = "$(inherited) @executable_path/Frameworks @loader_path/Frameworks";
				PRODUCT_BUNDLE_IDENTIFIER = com.demo.VNoteUITests;
				PRODUCT_NAME = "$(TARGET_NAME)";
				TEST_TARGET_NAME = VNote;
				USES_XCTRUNNER = YES;
			};
			name = Debug;
		};
		C32FF5F01C3CD9F500953F56 /* Release */ = {
			isa = XCBuildConfiguration;
			baseConfigurationReference = 5A428380DF8F620E39B78403 /* Pods-VNoteUITests.release.xcconfig */;
			buildSettings = {
				FRAMEWORK_SEARCH_PATHS = (
					"$(inherited)",
					"$(PROJECT_DIR)",
				);
				INFOPLIST_FILE = VNoteUITests/Info.plist;
				LD_RUNPATH_SEARCH_PATHS = "$(inherited) @executable_path/Frameworks @loader_path/Frameworks";
				PRODUCT_BUNDLE_IDENTIFIER = com.demo.VNoteUITests;
				PRODUCT_NAME = "$(TARGET_NAME)";
				TEST_TARGET_NAME = VNote;
				USES_XCTRUNNER = YES;
			};
			name = Release;
		};
/* End XCBuildConfiguration section */

/* Begin XCConfigurationList section */
		C32FF5B61C3CD9F400953F56 /* Build configuration list for PBXProject "VNote" */ = {
			isa = XCConfigurationList;
			buildConfigurations = (
				C32FF5E61C3CD9F500953F56 /* Debug */,
				C32FF5E71C3CD9F500953F56 /* Release */,
			);
			defaultConfigurationIsVisible = 0;
			defaultConfigurationName = Release;
		};
		C32FF5E81C3CD9F500953F56 /* Build configuration list for PBXNativeTarget "VNote" */ = {
			isa = XCConfigurationList;
			buildConfigurations = (
				C32FF5E91C3CD9F500953F56 /* Debug */,
				C32FF5EA1C3CD9F500953F56 /* Release */,
			);
			defaultConfigurationIsVisible = 0;
			defaultConfigurationName = Release;
		};
		C32FF5EB1C3CD9F500953F56 /* Build configuration list for PBXNativeTarget "VNoteTests" */ = {
			isa = XCConfigurationList;
			buildConfigurations = (
				C32FF5EC1C3CD9F500953F56 /* Debug */,
				C32FF5ED1C3CD9F500953F56 /* Release */,
			);
			defaultConfigurationIsVisible = 0;
			defaultConfigurationName = Release;
		};
		C32FF5EE1C3CD9F500953F56 /* Build configuration list for PBXNativeTarget "VNoteUITests" */ = {
			isa = XCConfigurationList;
			buildConfigurations = (
				C32FF5EF1C3CD9F500953F56 /* Debug */,
				C32FF5F01C3CD9F500953F56 /* Release */,
			);
			defaultConfigurationIsVisible = 0;
			defaultConfigurationName = Release;
		};
/* End XCConfigurationList section */

/* Begin XCVersionGroup section */
		CD4D11001D51D32C005710C9 /* Notes.xcdatamodeld */ = {
			isa = XCVersionGroup;
			children = (
				CD4D11011D51D32C005710C9 /* Notes.xcdatamodel */,
			);
			currentVersion = CD4D11011D51D32C005710C9 /* Notes.xcdatamodel */;
			path = Notes.xcdatamodeld;
			sourceTree = "<group>";
			versionGroupType = wrapper.xcdatamodel;
		};
/* End XCVersionGroup section */
	};
	rootObject = C32FF5B31C3CD9F400953F56 /* Project object */;
}
